
Microsoft Visual Studio Solution File, Format Version 12.00
# Visual Studio Version 17
VisualStudioVersion = 17.1.32414.318
MinimumVisualStudioVersion = 10.0.40219.1
Project("{FAE04EC0-301F-11D3-BF4B-00C04F79EFBC}") = "Picnic_V1.0", "Picnic_V1.0\Picnic_V1.0.csproj", "{2D18A5CD-F866-4AB6-9D98-26C1695219DF}"
EndProject
Global
	GlobalSection(SolutionConfigurationPlatforms) = preSolution
		Debug|Any CPU = Debug|Any CPU
		Release|Any CPU = Release|Any CPU
	EndGlobalSection
	GlobalSection(ProjectConfigurationPlatforms) = postSolution
		{2D18A5CD-F866-4AB6-9D98-26C1695219DF}.Debug|Any CPU.ActiveCfg = Debug|Any CPU
		{2D18A5CD-F866-4AB6-9D98-26C1695219DF}.Debug|Any CPU.Build.0 = Debug|Any CPU
		{2D18A5CD-F866-4AB6-9D98-26C1695219DF}.Release|Any CPU.ActiveCfg = Release|Any CPU
		{2D18A5CD-F866-4AB6-9D98-26C1695219DF}.Release|Any CPU.Build.0 = Release|Any CPU
	EndGlobalSection
	GlobalSection(SolutionProperties) = preSolution
		HideSolutionNode = FALSE
	EndGlobalSection
	GlobalSection(ExtensibilityGlobals) = postSolution
		SolutionGuid = {575285D0-EF88-4E62-9346-227C32D66ADA}
	EndGlobalSection
EndGlobal
